{
  "name": "environment_variable",
  "version": "1.0.0",
  "lockfileVersion": 2,
  "requires": true,
  "packages": {
    "": {
      "version": "1.0.0",
      "license": "ISC",
      "dependencies": {
        "dotenv": "^14.0.1"
      }
    },
    "node_modules/dotenv": {
      "version": "14.0.1",
      "resolved": "https://registry.npmjs.org/dotenv/-/dotenv-14.0.1.tgz",
      "integrity": "sha512-CuBFi54IgZtRqSls21+DLbQ1YZGEx80DerXbnj+wCGZ+UvxQdfXvWJliB3n3yaeaNAQQs2l/53iZwclTHtL3uA==",
      "engines": {
        "node": ">=12"
      }
    }
  },
  "dependencies": {
    "dotenv": {
      "version": "14.0.1",
      "resolved": "https://registry.npmjs.org/dotenv/-/dotenv-14.0.1.tgz",
      "integrity": "sha512-CuBFi54IgZtRqSls21+DLbQ1YZGEx80DerXbnj+wCGZ+UvxQdfXvWJliB3n3yaeaNAQQs2l/53iZwclTHtL3uA=="
    }
  }
}
